// !$*UTF8*$!
{
	archiveVersion = 1;
	classes = {
	};
	objectVersion = 46;
	objects = {

/* Begin PBXBuildFile section */
		7B131AEA13FDD872005A584D /* nlfifostream.h in Headers */ = {isa = PBXBuildFile; fileRef = 7B131AE913FDD872005A584D /* nlfifostream.h */; };
		7B131AEC13FDDA57005A584D /* avcbsbuf.h in Headers */ = {isa = PBXBuildFile; fileRef = 7B131AEB13FDDA57005A584D /* avcbsbuf.h */; };
		7B131AEE13FDDE9B005A584D /* nlfifostream.cpp in Sources */ = {isa = PBXBuildFile; fileRef = 7B131AED13FDDE9B005A584D /* nlfifostream.cpp */; };
		7B131B021402DA06005A584D /* nlaacrtbuf.h in Headers */ = {isa = PBXBuildFile; fileRef = 7B131B011402DA06005A584D /* nlaacrtbuf.h */; };
		7BA0B45013F081FC00E2844A /* v4fifoout.cpp in Sources */ = {isa = PBXBuildFile; fileRef = 7BA0B44C13F081FC00E2844A /* v4fifoout.cpp */; };
		7BA0B45113F081FC00E2844A /* v4fifoout.h in Headers */ = {isa = PBXBuildFile; fileRef = 7BA0B44D13F081FC00E2844A /* v4fifoout.h */; };
		7BA0B45213F081FC00E2844A /* v4rtenc.cpp in Sources */ = {isa = PBXBuildFile; fileRef = 7BA0B44E13F081FC00E2844A /* v4rtenc.cpp */; };
		7BA0B45313F081FC00E2844A /* v4rtenc.h in Headers */ = {isa = PBXBuildFile; fileRef = 7BA0B44F13F081FC00E2844A /* v4rtenc.h */; };
/* End PBXBuildFile section */

/* Begin PBXFileReference section */
		7B131AE913FDD872005A584D /* nlfifostream.h */ = {isa = PBXFileReference; fileEncoding = 4; lastKnownFileType = sourcecode.c.h; path = nlfifostream.h; sourceTree = "<group>"; };
		7B131AEB13FDDA57005A584D /* avcbsbuf.h */ = {isa = PBXFileReference; fileEncoding = 4; lastKnownFileType = sourcecode.c.h; path = avcbsbuf.h; sourceTree = "<group>"; };
		7B131AED13FDDE9B005A584D /* nlfifostream.cpp */ = {isa = PBXFileReference; fileEncoding = 4; lastKnownFileType = sourcecode.cpp.cpp; path = nlfifostream.cpp; sourceTree = "<group>"; };
		7B131B011402DA06005A584D /* nlaacrtbuf.h */ = {isa = PBXFileReference; fileEncoding = 4; lastKnownFileType = sourcecode.c.h; path = nlaacrtbuf.h; sourceTree = "<group>"; };
		7BA0B44513F081CE00E2844A /* libcodec.a */ = {isa = PBXFileReference; explicitFileType = archive.ar; includeInIndex = 0; path = libcodec.a; sourceTree = BUILT_PRODUCTS_DIR; };
		7BA0B44C13F081FC00E2844A /* v4fifoout.cpp */ = {isa = PBXFileReference; fileEncoding = 4; lastKnownFileType = sourcecode.cpp.cpp; name = v4fifoout.cpp; path = ../../v4fifoout.cpp; sourceTree = "<group>"; };
		7BA0B44D13F081FC00E2844A /* v4fifoout.h */ = {isa = PBXFileReference; fileEncoding = 4; lastKnownFileType = sourcecode.c.h; name = v4fifoout.h; path = ../../v4fifoout.h; sourceTree = "<group>"; };
		7BA0B44E13F081FC00E2844A /* v4rtenc.cpp */ = {isa = PBXFileReference; fileEncoding = 4; lastKnownFileType = sourcecode.cpp.cpp; name = v4rtenc.cpp; path = ../../v4rtenc.cpp; sourceTree = "<group>"; };
		7BA0B44F13F081FC00E2844A /* v4rtenc.h */ = {isa = PBXFileReference; fileEncoding = 4; lastKnownFileType = sourcecode.c.h; name = v4rtenc.h; path = ../../v4rtenc.h; sourceTree = "<group>"; };
/* End PBXFileReference section */

/* Begin PBXFrameworksBuildPhase section */
		7BA0B44213F081CE00E2844A /* Frameworks */ = {
			isa = PBXFrameworksBuildPhase;
			buildActionMask = 2147483647;
			files = (
			);
			runOnlyForDeploymentPostprocessing = 0;
		};
/* End PBXFrameworksBuildPhase section */

/* Begin PBXGroup section */
		7BA0B43A13F081CE00E2844A = {
			isa = PBXGroup;
			children = (
				7B131B011402DA06005A584D /* nlaacrtbuf.h */,
				7B131AED13FDDE9B005A584D /* nlfifostream.cpp */,
				7B131AEB13FDDA57005A584D /* avcbsbuf.h */,
				7B131AE913FDD872005A584D /* nlfifostream.h */,
				7BA0B44C13F081FC00E2844A /* v4fifoout.cpp */,
				7BA0B44D13F081FC00E2844A /* v4fifoout.h */,
				7BA0B44E13F081FC00E2844A /* v4rtenc.cpp */,
				7BA0B44F13F081FC00E2844A /* v4rtenc.h */,
				7BA0B44613F081CE00E2844A /* Products */,
			);
			sourceTree = "<group>";
		};
		7BA0B44613F081CE00E2844A /* Products */ = {
			isa = PBXGroup;
			children = (
				7BA0B44513F081CE00E2844A /* libcodec.a */,
			);
			name = Products;
			sourceTree = "<group>";
		};
/* End PBXGroup section */

/* Begin PBXHeadersBuildPhase section */
		7BA0B44313F081CE00E2844A /* Headers */ = {
			isa = PBXHeadersBuildPhase;
			buildActionMask = 2147483647;
			files = (
				7BA0B45113F081FC00E2844A /* v4fifoout.h in Headers */,
				7BA0B45313F081FC00E2844A /* v4rtenc.h in Headers */,
				7B131AEA13FDD872005A584D /* nlfifostream.h in Headers */,
				7B131AEC13FDDA57005A584D /* avcbsbuf.h in Headers */,
				7B131B021402DA06005A584D /* nlaacrtbuf.h in Headers */,
			);
			runOnlyForDeploymentPostprocessing = 0;
		};
/* End PBXHeadersBuildPhase section */

/* Begin PBXNativeTarget section */
		7BA0B44413F081CE00E2844A /* codec */ = {
			isa = PBXNativeTarget;
			buildConfigurationList = 7BA0B44913F081CE00E2844A /* Build configuration list for PBXNativeTarget "codec" */;
			buildPhases = (
				7BA0B44113F081CE00E2844A /* Sources */,
				7BA0B44213F081CE00E2844A /* Frameworks */,
				7BA0B44313F081CE00E2844A /* Headers */,
			);
			buildRules = (
			);
			dependencies = (
			);
			name = codec;
			productName = codec;
			productReference = 7BA0B44513F081CE00E2844A /* libcodec.a */;
			productType = "com.apple.product-type.library.static";
		};
/* End PBXNativeTarget section */

/* Begin PBXProject section */
		7BA0B43C13F081CE00E2844A /* Project object */ = {
			isa = PBXProject;
			attributes = {
				ORGANIZATIONNAME = XVDTH;
			};
			buildConfigurationList = 7BA0B43F13F081CE00E2844A /* Build configuration list for PBXProject "codec" */;
			compatibilityVersion = "Xcode 3.2";
			developmentRegion = English;
			hasScannedForEncodings = 0;
			knownRegions = (
				en,
			);
			mainGroup = 7BA0B43A13F081CE00E2844A;
			productRefGroup = 7BA0B44613F081CE00E2844A /* Products */;
			projectDirPath = "";
			projectRoot = "";
			targets = (
				7BA0B44413F081CE00E2844A /* codec */,
			);
		};
/* End PBXProject section */

/* Begin PBXSourcesBuildPhase section */
		7BA0B44113F081CE00E2844A /* Sources */ = {
			isa = PBXSourcesBuildPhase;
			buildActionMask = 2147483647;
			files = (
				7BA0B45013F081FC00E2844A /* v4fifoout.cpp in Sources */,
				7BA0B45213F081FC00E2844A /* v4rtenc.cpp in Sources */,
				7B131AEE13FDDE9B005A584D /* nlfifostream.cpp in Sources */,
			);
			runOnlyForDeploymentPostprocessing = 0;
		};
/* End PBXSourcesBuildPhase section */

/* Begin XCBuildConfiguration section */
		7BA0B44713F081CE00E2844A /* Debug */ = {
			isa = XCBuildConfiguration;
			buildSettings = {
				ALWAYS_SEARCH_USER_PATHS = YES;
				ARCHS = "$(ARCHS_STANDARD_64_BIT)";
				COPY_PHASE_STRIP = NO;
				GCC_C_LANGUAGE_STANDARD = gnu99;
				GCC_DYNAMIC_NO_PIC = NO;
				GCC_ENABLE_OBJC_EXCEPTIONS = YES;
				GCC_OPTIMIZATION_LEVEL = 0;
				GCC_PREPROCESSOR_DEFINITIONS = (
					"DEBUG=1",
					"$(inherited)",
				);
				GCC_SYMBOLS_PRIVATE_EXTERN = NO;
				GCC_VERSION = com.apple.compilers.llvm.clang.1_0;
				GCC_WARN_64_TO_32_BIT_CONVERSION = YES;
				GCC_WARN_ABOUT_MISSING_PROTOTYPES = YES;
				GCC_WARN_ABOUT_RETURN_TYPE = YES;
				GCC_WARN_UNUSED_VARIABLE = YES;
				"HEADER_SEARCH_PATHS[arch=x86_64]" = (
					../../../../neuroncommon/threading/NeuronBasics,
					../../../capture,
					"../../../../../../Common/vanguard/mac/v4sdk-4.6/inc",
				);
				MACOSX_DEPLOYMENT_TARGET = 10.7;
				ONLY_ACTIVE_ARCH = YES;
				SDKROOT = macosx;
			};
			name = Debug;
		};
		7BA0B44813F081CE00E2844A /* Release */ = {
			isa = XCBuildConfiguration;
			buildSettings = {
				ALWAYS_SEARCH_USER_PATHS = YES;
				ARCHS = "$(ARCHS_STANDARD_64_BIT)";
				COPY_PHASE_STRIP = YES;
				DEBUG_INFORMATION_FORMAT = "dwarf-with-dsym";
				GCC_C_LANGUAGE_STANDARD = gnu99;
				GCC_ENABLE_OBJC_EXCEPTIONS = YES;
				GCC_VERSION = com.apple.compilers.llvm.clang.1_0;
				GCC_WARN_64_TO_32_BIT_CONVERSION = YES;
				GCC_WARN_ABOUT_MISSING_PROTOTYPES = YES;
				GCC_WARN_ABOUT_RETURN_TYPE = YES;
				GCC_WARN_UNUSED_VARIABLE = YES;
				MACOSX_DEPLOYMENT_TARGET = 10.7;
				SDKROOT = macosx;
			};
			name = Release;
		};
		7BA0B44A13F081CE00E2844A /* Debug */ = {
			isa = XCBuildConfiguration;
			buildSettings = {
				ARCHS = "$(ARCHS_STANDARD_32_BIT)";
				EXECUTABLE_PREFIX = lib;
				GCC_VERSION = "";
				HEADER_SEARCH_PATHS = (
					../../../../../../Common/ffmpeg,
					../../../../neuroncommon/threading/NeuronBasics,
					../../../capture,
					"../../../../../../Common/vanguard/mac/v4sdk-4.6/inc",
				);
				"HEADER_SEARCH_PATHS[arch=x86_64]" = "";
				PRODUCT_NAME = "$(TARGET_NAME)";
				RUN_CLANG_STATIC_ANALYZER = YES;
				SDKROOT = macosx;
				SKIP_INSTALL = YES;
				USER_HEADER_SEARCH_PATHS = "";
			};
			name = Debug;
		};
		7BA0B44B13F081CE00E2844A /* Release */ = {
			isa = XCBuildConfiguration;
			buildSettings = {
				ARCHS = "$(ARCHS_STANDARD_32_BIT)";
				EXECUTABLE_PREFIX = lib;
				GCC_VERSION = "";
				HEADER_SEARCH_PATHS = (
					../../../../../../Common/ffmpeg,
					../../../../neuroncommon/threading/NeuronBasics,
					../../../capture,
					"../../../../../../Common/vanguard/mac/v4sdk-4.6/inc",
				);
				PRODUCT_NAME = "$(TARGET_NAME)";
				SDKROOT = macosx;
				SKIP_INSTALL = YES;
				USER_HEADER_SEARCH_PATHS = "";
			};
			name = Release;
		};
/* End XCBuildConfiguration section */

/* Begin XCConfigurationList section */
		7BA0B43F13F081CE00E2844A /* Build configuration list for PBXProject "codec" */ = {
			isa = XCConfigurationList;
			buildConfigurations = (
				7BA0B44713F081CE00E2844A /* Debug */,
				7BA0B44813F081CE00E2844A /* Release */,
			);
			defaultConfigurationIsVisible = 0;
			defaultConfigurationName = Release;
		};
		7BA0B44913F081CE00E2844A /* Build configuration list for PBXNativeTarget "codec" */ = {
			isa = XCConfigurationList;
			buildConfigurations = (
				7BA0B44A13F081CE00E2844A /* Debug */,
				7BA0B44B13F081CE00E2844A /* Release */,
			);
			defaultConfigurationIsVisible = 0;
			defaultConfigurationName = Release;
		};
/* End XCConfigurationList section */
	};
	rootObject = 7BA0B43C13F081CE00E2844A /* Project object */;
}
