// !$*UTF8*$!
{
	archiveVersion = 1;
	classes = {
	};
	objectVersion = 46;
	objects = {

/* Begin PBXFileReference section */
		7BA0B43313F0753800E2844A /* libcapture.a */ = {isa = PBXFileReference; explicitFileType = archive.ar; includeInIndex = 0; path = libcapture.a; sourceTree = BUILT_PRODUCTS_DIR; };
/* End PBXFileReference section */

/* Begin PBXFrameworksBuildPhase section */
		7BA0B43013F0753800E2844A /* Frameworks */ = {
			isa = PBXFrameworksBuildPhase;
			buildActionMask = 2147483647;
			files = (
			);
			runOnlyForDeploymentPostprocessing = 0;
		};
/* End PBXFrameworksBuildPhase section */

/* Begin PBXGroup section */
		7BA0B42813F0753800E2844A = {
			isa = PBXGroup;
			children = (
				7BA0B43413F0753800E2844A /* Products */,
			);
			sourceTree = "<group>";
		};
		7BA0B43413F0753800E2844A /* Products */ = {
			isa = PBXGroup;
			children = (
				7BA0B43313F0753800E2844A /* libcapture.a */,
			);
			name = Products;
			sourceTree = "<group>";
		};
/* End PBXGroup section */

/* Begin PBXHeadersBuildPhase section */
		7BA0B43113F0753800E2844A /* Headers */ = {
			isa = PBXHeadersBuildPhase;
			buildActionMask = 2147483647;
			files = (
			);
			runOnlyForDeploymentPostprocessing = 0;
		};
/* End PBXHeadersBuildPhase section */

/* Begin PBXNativeTarget section */
		7BA0B43213F0753800E2844A /* capture */ = {
			isa = PBXNativeTarget;
			buildConfigurationList = 7BA0B43713F0753800E2844A /* Build configuration list for PBXNativeTarget "capture" */;
			buildPhases = (
				7BA0B42F13F0753800E2844A /* Sources */,
				7BA0B43013F0753800E2844A /* Frameworks */,
				7BA0B43113F0753800E2844A /* Headers */,
			);
			buildRules = (
			);
			dependencies = (
			);
			name = capture;
			productName = capture;
			productReference = 7BA0B43313F0753800E2844A /* libcapture.a */;
			productType = "com.apple.product-type.library.static";
		};
/* End PBXNativeTarget section */

/* Begin PBXProject section */
		7BA0B42A13F0753800E2844A /* Project object */ = {
			isa = PBXProject;
			attributes = {
				ORGANIZATIONNAME = XVDTH;
			};
			buildConfigurationList = 7BA0B42D13F0753800E2844A /* Build configuration list for PBXProject "capture" */;
			compatibilityVersion = "Xcode 3.2";
			developmentRegion = English;
			hasScannedForEncodings = 0;
			knownRegions = (
				en,
			);
			mainGroup = 7BA0B42813F0753800E2844A;
			productRefGroup = 7BA0B43413F0753800E2844A /* Products */;
			projectDirPath = "";
			projectRoot = "";
			targets = (
				7BA0B43213F0753800E2844A /* capture */,
			);
		};
/* End PBXProject section */

/* Begin PBXSourcesBuildPhase section */
		7BA0B42F13F0753800E2844A /* Sources */ = {
			isa = PBXSourcesBuildPhase;
			buildActionMask = 2147483647;
			files = (
			);
			runOnlyForDeploymentPostprocessing = 0;
		};
/* End PBXSourcesBuildPhase section */

/* Begin XCBuildConfiguration section */
		7BA0B43513F0753800E2844A /* Debug */ = {
			isa = XCBuildConfiguration;
			buildSettings = {
				ALWAYS_SEARCH_USER_PATHS = NO;
				ARCHS = "$(ARCHS_STANDARD_64_BIT)";
				COPY_PHASE_STRIP = NO;
				GCC_C_LANGUAGE_STANDARD = gnu99;
				GCC_DYNAMIC_NO_PIC = NO;
				GCC_ENABLE_OBJC_EXCEPTIONS = YES;
				GCC_OPTIMIZATION_LEVEL = 0;
				GCC_PREPROCESSOR_DEFINITIONS = (
					"DEBUG=1",
					"$(inherited)",
				);
				GCC_SYMBOLS_PRIVATE_EXTERN = NO;
				GCC_VERSION = com.apple.compilers.llvm.clang.1_0;
				GCC_WARN_64_TO_32_BIT_CONVERSION = YES;
				GCC_WARN_ABOUT_MISSING_PROTOTYPES = YES;
				GCC_WARN_ABOUT_RETURN_TYPE = YES;
				GCC_WARN_UNUSED_VARIABLE = YES;
				MACOSX_DEPLOYMENT_TARGET = 10.7;
				ONLY_ACTIVE_ARCH = YES;
				SDKROOT = macosx;
			};
			name = Debug;
		};
		7BA0B43613F0753800E2844A /* Release */ = {
			isa = XCBuildConfiguration;
			buildSettings = {
				ALWAYS_SEARCH_USER_PATHS = NO;
				ARCHS = "$(ARCHS_STANDARD_64_BIT)";
				COPY_PHASE_STRIP = YES;
				DEBUG_INFORMATION_FORMAT = "dwarf-with-dsym";
				GCC_C_LANGUAGE_STANDARD = gnu99;
				GCC_ENABLE_OBJC_EXCEPTIONS = YES;
				GCC_VERSION = com.apple.compilers.llvm.clang.1_0;
				GCC_WARN_64_TO_32_BIT_CONVERSION = YES;
				GCC_WARN_ABOUT_MISSING_PROTOTYPES = YES;
				GCC_WARN_ABOUT_RETURN_TYPE = YES;
				GCC_WARN_UNUSED_VARIABLE = YES;
				MACOSX_DEPLOYMENT_TARGET = 10.7;
				SDKROOT = macosx;
			};
			name = Release;
		};
		7BA0B43813F0753800E2844A /* Debug */ = {
			isa = XCBuildConfiguration;
			buildSettings = {
				EXECUTABLE_PREFIX = lib;
				PRODUCT_NAME = "$(TARGET_NAME)";
			};
			name = Debug;
		};
		7BA0B43913F0753800E2844A /* Release */ = {
			isa = XCBuildConfiguration;
			buildSettings = {
				EXECUTABLE_PREFIX = lib;
				PRODUCT_NAME = "$(TARGET_NAME)";
			};
			name = Release;
		};
/* End XCBuildConfiguration section */

/* Begin XCConfigurationList section */
		7BA0B42D13F0753800E2844A /* Build configuration list for PBXProject "capture" */ = {
			isa = XCConfigurationList;
			buildConfigurations = (
				7BA0B43513F0753800E2844A /* Debug */,
				7BA0B43613F0753800E2844A /* Release */,
			);
			defaultConfigurationIsVisible = 0;
			defaultConfigurationName = Release;
		};
		7BA0B43713F0753800E2844A /* Build configuration list for PBXNativeTarget "capture" */ = {
			isa = XCConfigurationList;
			buildConfigurations = (
				7BA0B43813F0753800E2844A /* Debug */,
				7BA0B43913F0753800E2844A /* Release */,
			);
			defaultConfigurationIsVisible = 0;
		};
/* End XCConfigurationList section */
	};
	rootObject = 7BA0B42A13F0753800E2844A /* Project object */;
}
