// !$*UTF8*$!
{
	archiveVersion = 1;
	classes = {
	};
	objectVersion = 46;
	objects = {

/* Begin PBXBuildFile section */
		2B531E1B0BBB3FBD00F42B98 /* Icon.icns in Resources */ = {isa = PBXBuildFile; fileRef = 2B531E1A0BBB3FBD00F42B98 /* Icon.icns */; };
		2BAB8A530BBB551900143BEF /* MyRecorder Help in Resources */ = {isa = PBXBuildFile; fileRef = 2BAB8A510BBB551900143BEF /* MyRecorder Help */; };
		3426E93813F0BAFB00897BA7 /* RTBuffer.cpp in Sources */ = {isa = PBXBuildFile; fileRef = 3426E93613F0BAFB00897BA7 /* RTBuffer.cpp */; };
		3481C1A514030DAE001B1FA5 /* CameraInterrogation.m in Sources */ = {isa = PBXBuildFile; fileRef = 3481C1A414030DAE001B1FA5 /* CameraInterrogation.m */; };
		348E08FB13FDE6B000CB51D2 /* libv4codecsdk-m32g-all-md.a in Frameworks */ = {isa = PBXBuildFile; fileRef = 348E08FA13FDE6B000CB51D2 /* libv4codecsdk-m32g-all-md.a */; };
		34AA4D0813EB77DB003F68AE /* CoreVideo.framework in Frameworks */ = {isa = PBXBuildFile; fileRef = 34AA4D0713EB77DB003F68AE /* CoreVideo.framework */; };
		34BF6A8213FC56090053B7A6 /* AudioToolbox.framework in Frameworks */ = {isa = PBXBuildFile; fileRef = 34BF6A8113FC56090053B7A6 /* AudioToolbox.framework */; };
		34DE7EE013ECA2CE007B30F0 /* QTKitCap.mm in Sources */ = {isa = PBXBuildFile; fileRef = 34DE7EDE13ECA2CE007B30F0 /* QTKitCap.mm */; };
		7B131B0514031838005A584D /* libavcodec.a in Frameworks */ = {isa = PBXBuildFile; fileRef = 7B131B0414031838005A584D /* libavcodec.a */; };
		7B131B0714031857005A584D /* libavutil.a in Frameworks */ = {isa = PBXBuildFile; fileRef = 7B131B0614031857005A584D /* libavutil.a */; };
		7B5CFAED13F1C0D2007479E1 /* libgroupsock.a in Frameworks */ = {isa = PBXBuildFile; fileRef = 7B5CFAEC13F1C0D2007479E1 /* libgroupsock.a */; };
		7B5CFAEF13F1C0F8007479E1 /* libliveMedia.a in Frameworks */ = {isa = PBXBuildFile; fileRef = 7B5CFAEE13F1C0F8007479E1 /* libliveMedia.a */; };
		7B5CFAF113F1C10C007479E1 /* libBasicUsageEnvironment.a in Frameworks */ = {isa = PBXBuildFile; fileRef = 7B5CFAF013F1C10C007479E1 /* libBasicUsageEnvironment.a */; };
		7B5CFAF313F1C12B007479E1 /* libUsageEnvironment.a in Frameworks */ = {isa = PBXBuildFile; fileRef = 7B5CFAF213F1C12B007479E1 /* libUsageEnvironment.a */; };
		7B5CFB3213F1DCB5007479E1 /* libcodec.a in Frameworks */ = {isa = PBXBuildFile; fileRef = 7B5CFAC213F1B780007479E1 /* libcodec.a */; };
		7B5CFB3313F1DCBA007479E1 /* libnetwork.a in Frameworks */ = {isa = PBXBuildFile; fileRef = 7B5CFACC13F1B79B007479E1 /* libnetwork.a */; };
		7B5CFB3413F1DCC0007479E1 /* librtcamstream.a in Frameworks */ = {isa = PBXBuildFile; fileRef = 7B5CFAD213F1B7FE007479E1 /* librtcamstream.a */; };
		8D11072A0486CEB800E47090 /* MainMenu.nib in Resources */ = {isa = PBXBuildFile; fileRef = 29B97318FDCFA39411CA2CEA /* MainMenu.nib */; };
		8D11072B0486CEB800E47090 /* InfoPlist.strings in Resources */ = {isa = PBXBuildFile; fileRef = 089C165CFE840E0CC02AAC07 /* InfoPlist.strings */; };
		8D11072D0486CEB800E47090 /* main.mm in Sources */ = {isa = PBXBuildFile; fileRef = 29B97316FDCFA39411CA2CEA /* main.mm */; settings = {ATTRIBUTES = (); }; };
		8D11072F0486CEB800E47090 /* Cocoa.framework in Frameworks */ = {isa = PBXBuildFile; fileRef = 1058C7A1FEA54F0111CA2CBB /* Cocoa.framework */; };
		C5E698EE0BA872BA00382716 /* QTKit.framework in Frameworks */ = {isa = PBXBuildFile; fileRef = C5E698ED0BA872BA00382716 /* QTKit.framework */; };
		C5E698F30BA8735700382716 /* MyRecorderController.mm in Sources */ = {isa = PBXBuildFile; fileRef = C5E698F20BA8735700382716 /* MyRecorderController.mm */; };
/* End PBXBuildFile section */

/* Begin PBXContainerItemProxy section */
		7B5CFAC113F1B780007479E1 /* PBXContainerItemProxy */ = {
			isa = PBXContainerItemProxy;
			containerPortal = 7B5CFABD13F1B780007479E1 /* codec.xcodeproj */;
			proxyType = 2;
			remoteGlobalIDString = 7BA0B44513F081CE00E2844A;
			remoteInfo = codec;
		};
		7B5CFACB13F1B79B007479E1 /* PBXContainerItemProxy */ = {
			isa = PBXContainerItemProxy;
			containerPortal = 7B5CFAC413F1B79B007479E1 /* network.xcodeproj */;
			proxyType = 2;
			remoteGlobalIDString = 7B8B587E13F0A9BD006CEE3B;
			remoteInfo = network;
		};
		7B5CFAD113F1B7FE007479E1 /* PBXContainerItemProxy */ = {
			isa = PBXContainerItemProxy;
			containerPortal = 7B5CFACD13F1B7FD007479E1 /* rtcamstream.xcodeproj */;
			proxyType = 2;
			remoteGlobalIDString = 7B8B589413F0AB4C006CEE3B;
			remoteInfo = rtcamstream;
		};
		7B5CFB2813F1CE52007479E1 /* PBXContainerItemProxy */ = {
			isa = PBXContainerItemProxy;
			containerPortal = 7B5CFACD13F1B7FD007479E1 /* rtcamstream.xcodeproj */;
			proxyType = 1;
			remoteGlobalIDString = 7B8B589313F0AB4C006CEE3B;
			remoteInfo = rtcamstream;
		};
		7B5CFB2A13F1CE52007479E1 /* PBXContainerItemProxy */ = {
			isa = PBXContainerItemProxy;
			containerPortal = 7B5CFABD13F1B780007479E1 /* codec.xcodeproj */;
			proxyType = 1;
			remoteGlobalIDString = 7BA0B44413F081CE00E2844A;
			remoteInfo = codec;
		};
		7B5CFB2C13F1CE52007479E1 /* PBXContainerItemProxy */ = {
			isa = PBXContainerItemProxy;
			containerPortal = 7B5CFAC413F1B79B007479E1 /* network.xcodeproj */;
			proxyType = 1;
			remoteGlobalIDString = 7B8B587D13F0A9BD006CEE3B;
			remoteInfo = network;
		};
/* End PBXContainerItemProxy section */

/* Begin PBXFileReference section */
		089C165DFE840E0CC02AAC07 /* English */ = {isa = PBXFileReference; fileEncoding = 10; lastKnownFileType = text.plist.strings; name = English; path = English.lproj/InfoPlist.strings; sourceTree = "<group>"; };
		1058C7A1FEA54F0111CA2CBB /* Cocoa.framework */ = {isa = PBXFileReference; lastKnownFileType = wrapper.framework; name = Cocoa.framework; path = /System/Library/Frameworks/Cocoa.framework; sourceTree = "<absolute>"; };
		29B97316FDCFA39411CA2CEA /* main.mm */ = {isa = PBXFileReference; fileEncoding = 4; lastKnownFileType = sourcecode.cpp.objcpp; path = main.mm; sourceTree = "<group>"; };
		29B97319FDCFA39411CA2CEA /* English */ = {isa = PBXFileReference; lastKnownFileType = wrapper.nib; name = English; path = English.lproj/MainMenu.nib; sourceTree = "<group>"; };
		29B97324FDCFA39411CA2CEA /* AppKit.framework */ = {isa = PBXFileReference; lastKnownFileType = wrapper.framework; name = AppKit.framework; path = /System/Library/Frameworks/AppKit.framework; sourceTree = "<absolute>"; };
		29B97325FDCFA39411CA2CEA /* Foundation.framework */ = {isa = PBXFileReference; lastKnownFileType = wrapper.framework; name = Foundation.framework; path = /System/Library/Frameworks/Foundation.framework; sourceTree = "<absolute>"; };
		2B531E1A0BBB3FBD00F42B98 /* Icon.icns */ = {isa = PBXFileReference; lastKnownFileType = image.icns; path = Icon.icns; sourceTree = "<group>"; };
		2BAB8A520BBB551900143BEF /* English */ = {isa = PBXFileReference; lastKnownFileType = folder; name = English; path = "English.lproj/MyRecorder Help"; sourceTree = "<group>"; };
		32CA4F630368D1EE00C91783 /* MyRecorder_Prefix.pch */ = {isa = PBXFileReference; fileEncoding = 4; lastKnownFileType = sourcecode.c.h; path = MyRecorder_Prefix.pch; sourceTree = "<group>"; };
		3426E93613F0BAFB00897BA7 /* RTBuffer.cpp */ = {isa = PBXFileReference; fileEncoding = 4; lastKnownFileType = sourcecode.cpp.cpp; name = RTBuffer.cpp; path = ../../capture/RTBuffer.cpp; sourceTree = "<group>"; };
		3426E93713F0BAFB00897BA7 /* RTBuffer.h */ = {isa = PBXFileReference; fileEncoding = 4; lastKnownFileType = sourcecode.c.h; name = RTBuffer.h; path = ../../capture/RTBuffer.h; sourceTree = "<group>"; };
		3481C1A314030DAE001B1FA5 /* CameraInterrogation.h */ = {isa = PBXFileReference; fileEncoding = 4; lastKnownFileType = sourcecode.c.h; name = CameraInterrogation.h; path = MyRecorder.xcodeproj/../CameraInterrogation.h; sourceTree = "<group>"; };
		3481C1A414030DAE001B1FA5 /* CameraInterrogation.m */ = {isa = PBXFileReference; fileEncoding = 4; lastKnownFileType = sourcecode.c.objc; name = CameraInterrogation.m; path = MyRecorder.xcodeproj/../CameraInterrogation.m; sourceTree = "<group>"; };
		348E08F813FD7F2A00CB51D2 /* libv4codecsdk-m32gd-all.a */ = {isa = PBXFileReference; lastKnownFileType = archive.ar; name = "libv4codecsdk-m32gd-all.a"; path = "../../../../../Common/vanguard/mac/v4sdk-4.6/lib/libv4codecsdk-m32gd-all.a"; sourceTree = "<group>"; };
		348E08FA13FDE6B000CB51D2 /* libv4codecsdk-m32g-all-md.a */ = {isa = PBXFileReference; lastKnownFileType = archive.ar; name = "libv4codecsdk-m32g-all-md.a"; path = "../../../../../Common/vanguard/mac/v4sdk-4.6/lib/libv4codecsdk-m32g-all-md.a"; sourceTree = "<group>"; };
		34AA4D0713EB77DB003F68AE /* CoreVideo.framework */ = {isa = PBXFileReference; lastKnownFileType = wrapper.framework; name = CoreVideo.framework; path = SDKs/MacOSX10.7.sdk/System/Library/Frameworks/CoreVideo.framework; sourceTree = DEVELOPER_DIR; };
		34BF6A8113FC56090053B7A6 /* AudioToolbox.framework */ = {isa = PBXFileReference; lastKnownFileType = wrapper.framework; name = AudioToolbox.framework; path = SDKs/MacOSX10.7.sdk/System/Library/Frameworks/AudioToolbox.framework; sourceTree = DEVELOPER_DIR; };
		34DE7EDD13EC9BA0007B30F0 /* ThreadSingle.h */ = {isa = PBXFileReference; fileEncoding = 4; lastKnownFileType = sourcecode.c.h; name = ThreadSingle.h; path = ../../../neuroncommon/threading/NeuronBasics/ThreadSingle.h; sourceTree = "<group>"; };
		34DE7EDE13ECA2CE007B30F0 /* QTKitCap.mm */ = {isa = PBXFileReference; fileEncoding = 4; lastKnownFileType = sourcecode.cpp.objcpp; name = QTKitCap.mm; path = ../../capture/QTKitCap.mm; sourceTree = "<group>"; };
		34DE7EDF13ECA2CE007B30F0 /* QTKitCap.h */ = {isa = PBXFileReference; fileEncoding = 4; lastKnownFileType = sourcecode.c.h; name = QTKitCap.h; path = ../../capture/QTKitCap.h; sourceTree = "<group>"; };
		7B131B0414031838005A584D /* libavcodec.a */ = {isa = PBXFileReference; lastKnownFileType = archive.ar; name = libavcodec.a; path = ../../../../../../../lgpl/ffmpeg/libavcodec/libavcodec.a; sourceTree = "<group>"; };
		7B131B0614031857005A584D /* libavutil.a */ = {isa = PBXFileReference; lastKnownFileType = archive.ar; name = libavutil.a; path = ../../../../../../../lgpl/ffmpeg/libavutil/libavutil.a; sourceTree = "<group>"; };
		7B5CFABD13F1B780007479E1 /* codec.xcodeproj */ = {isa = PBXFileReference; lastKnownFileType = "wrapper.pb-project"; name = codec.xcodeproj; path = ../../codec/xcode_build/codec/codec.xcodeproj; sourceTree = "<group>"; };
		7B5CFAC413F1B79B007479E1 /* network.xcodeproj */ = {isa = PBXFileReference; lastKnownFileType = "wrapper.pb-project"; name = network.xcodeproj; path = ../../network/xcode_build/network/network.xcodeproj; sourceTree = "<group>"; };
		7B5CFACD13F1B7FD007479E1 /* rtcamstream.xcodeproj */ = {isa = PBXFileReference; lastKnownFileType = "wrapper.pb-project"; name = rtcamstream.xcodeproj; path = ../tools/rtcamstream/xcode_build/rtcamstream/rtcamstream.xcodeproj; sourceTree = "<group>"; };
		7B5CFAEC13F1C0D2007479E1 /* libgroupsock.a */ = {isa = PBXFileReference; lastKnownFileType = archive.ar; name = libgroupsock.a; path = ../../../../../Common/live555/groupsock/libgroupsock.a; sourceTree = "<group>"; };
		7B5CFAEE13F1C0F8007479E1 /* libliveMedia.a */ = {isa = PBXFileReference; lastKnownFileType = archive.ar; name = libliveMedia.a; path = ../../../../../Common/live555/liveMedia/libliveMedia.a; sourceTree = "<group>"; };
		7B5CFAF013F1C10C007479E1 /* libBasicUsageEnvironment.a */ = {isa = PBXFileReference; lastKnownFileType = archive.ar; name = libBasicUsageEnvironment.a; path = ../../../../../Common/live555/BasicUsageEnvironment/libBasicUsageEnvironment.a; sourceTree = "<group>"; };
		7B5CFAF213F1C12B007479E1 /* libUsageEnvironment.a */ = {isa = PBXFileReference; lastKnownFileType = archive.ar; name = libUsageEnvironment.a; path = ../../../../../Common/live555/UsageEnvironment/libUsageEnvironment.a; sourceTree = "<group>"; };
		7B5CFAF413F1C149007479E1 /* libv4codecsdk-m32g-all-md.a */ = {isa = PBXFileReference; lastKnownFileType = archive.ar; name = "libv4codecsdk-m32g-all-md.a"; path = "../../../../../Common/vanguard/mac/v4sdk-4.6/lib/libv4codecsdk-m32g-all-md.a"; sourceTree = "<group>"; };
		8D1107310486CEB800E47090 /* Info.plist */ = {isa = PBXFileReference; fileEncoding = 4; lastKnownFileType = text.plist; path = Info.plist; sourceTree = "<group>"; };
		8D1107320486CEB800E47090 /* MyRecorder.app */ = {isa = PBXFileReference; explicitFileType = wrapper.application; includeInIndex = 0; path = MyRecorder.app; sourceTree = BUILT_PRODUCTS_DIR; };
		C5E698ED0BA872BA00382716 /* QTKit.framework */ = {isa = PBXFileReference; lastKnownFileType = wrapper.framework; name = QTKit.framework; path = /System/Library/Frameworks/QTKit.framework; sourceTree = "<absolute>"; };
		C5E698F10BA8735700382716 /* MyRecorderController.h */ = {isa = PBXFileReference; fileEncoding = 4; lastKnownFileType = sourcecode.c.h; path = MyRecorderController.h; sourceTree = "<group>"; };
		C5E698F20BA8735700382716 /* MyRecorderController.mm */ = {isa = PBXFileReference; fileEncoding = 4; lastKnownFileType = sourcecode.cpp.objcpp; path = MyRecorderController.mm; sourceTree = "<group>"; };
/* End PBXFileReference section */

/* Begin PBXFrameworksBuildPhase section */
		8D11072E0486CEB800E47090 /* Frameworks */ = {
			isa = PBXFrameworksBuildPhase;
			buildActionMask = 2147483647;
			files = (
				7B131B0714031857005A584D /* libavutil.a in Frameworks */,
				7B131B0514031838005A584D /* libavcodec.a in Frameworks */,
				348E08FB13FDE6B000CB51D2 /* libv4codecsdk-m32g-all-md.a in Frameworks */,
				34BF6A8213FC56090053B7A6 /* AudioToolbox.framework in Frameworks */,
				7B5CFB3413F1DCC0007479E1 /* librtcamstream.a in Frameworks */,
				7B5CFB3313F1DCBA007479E1 /* libnetwork.a in Frameworks */,
				7B5CFB3213F1DCB5007479E1 /* libcodec.a in Frameworks */,
				7B5CFAF313F1C12B007479E1 /* libUsageEnvironment.a in Frameworks */,
				7B5CFAF113F1C10C007479E1 /* libBasicUsageEnvironment.a in Frameworks */,
				7B5CFAEF13F1C0F8007479E1 /* libliveMedia.a in Frameworks */,
				7B5CFAED13F1C0D2007479E1 /* libgroupsock.a in Frameworks */,
				34AA4D0813EB77DB003F68AE /* CoreVideo.framework in Frameworks */,
				8D11072F0486CEB800E47090 /* Cocoa.framework in Frameworks */,
				C5E698EE0BA872BA00382716 /* QTKit.framework in Frameworks */,
			);
			runOnlyForDeploymentPostprocessing = 0;
		};
/* End PBXFrameworksBuildPhase section */

/* Begin PBXGroup section */
		1058C7A0FEA54F0111CA2CBB /* Linked Frameworks */ = {
			isa = PBXGroup;
			children = (
				C5E698ED0BA872BA00382716 /* QTKit.framework */,
				1058C7A1FEA54F0111CA2CBB /* Cocoa.framework */,
			);
			name = "Linked Frameworks";
			sourceTree = "<group>";
		};
		1058C7A2FEA54F0111CA2CBB /* Other Frameworks */ = {
			isa = PBXGroup;
			children = (
				29B97324FDCFA39411CA2CEA /* AppKit.framework */,
				29B97325FDCFA39411CA2CEA /* Foundation.framework */,
			);
			name = "Other Frameworks";
			sourceTree = "<group>";
		};
		19C28FACFE9D520D11CA2CBB /* Products */ = {
			isa = PBXGroup;
			children = (
				8D1107320486CEB800E47090 /* MyRecorder.app */,
			);
			name = Products;
			sourceTree = "<group>";
		};
		29B97314FDCFA39411CA2CEA /* MyRecorder */ = {
			isa = PBXGroup;
			children = (
				7B131B0614031857005A584D /* libavutil.a */,
				7B131B0414031838005A584D /* libavcodec.a */,
				348E08FA13FDE6B000CB51D2 /* libv4codecsdk-m32g-all-md.a */,
				348E08F813FD7F2A00CB51D2 /* libv4codecsdk-m32gd-all.a */,
				34BF6A8113FC56090053B7A6 /* AudioToolbox.framework */,
				7B5CFAF413F1C149007479E1 /* libv4codecsdk-m32g-all-md.a */,
				7B5CFAF213F1C12B007479E1 /* libUsageEnvironment.a */,
				7B5CFAF013F1C10C007479E1 /* libBasicUsageEnvironment.a */,
				7B5CFAEE13F1C0F8007479E1 /* libliveMedia.a */,
				7B5CFAEC13F1C0D2007479E1 /* libgroupsock.a */,
				7B5CFACD13F1B7FD007479E1 /* rtcamstream.xcodeproj */,
				7B5CFAC413F1B79B007479E1 /* network.xcodeproj */,
				7B5CFABD13F1B780007479E1 /* codec.xcodeproj */,
				3426E93613F0BAFB00897BA7 /* RTBuffer.cpp */,
				3426E93713F0BAFB00897BA7 /* RTBuffer.h */,
				34DE7EDE13ECA2CE007B30F0 /* QTKitCap.mm */,
				34DE7EDF13ECA2CE007B30F0 /* QTKitCap.h */,
				34DE7EDD13EC9BA0007B30F0 /* ThreadSingle.h */,
				34AA4D0713EB77DB003F68AE /* CoreVideo.framework */,
				32CA4F630368D1EE00C91783 /* MyRecorder_Prefix.pch */,
				29B97316FDCFA39411CA2CEA /* main.mm */,
				3481C1A314030DAE001B1FA5 /* CameraInterrogation.h */,
				3481C1A414030DAE001B1FA5 /* CameraInterrogation.m */,
				C5E698F10BA8735700382716 /* MyRecorderController.h */,
				C5E698F20BA8735700382716 /* MyRecorderController.mm */,
				29B97317FDCFA39411CA2CEA /* Resources */,
				29B97323FDCFA39411CA2CEA /* Frameworks */,
				19C28FACFE9D520D11CA2CBB /* Products */,
			);
			name = MyRecorder;
			sourceTree = "<group>";
		};
		29B97317FDCFA39411CA2CEA /* Resources */ = {
			isa = PBXGroup;
			children = (
				8D1107310486CEB800E47090 /* Info.plist */,
				089C165CFE840E0CC02AAC07 /* InfoPlist.strings */,
				29B97318FDCFA39411CA2CEA /* MainMenu.nib */,
				2B531E1A0BBB3FBD00F42B98 /* Icon.icns */,
				2BAB8A510BBB551900143BEF /* MyRecorder Help */,
			);
			name = Resources;
			sourceTree = "<group>";
		};
		29B97323FDCFA39411CA2CEA /* Frameworks */ = {
			isa = PBXGroup;
			children = (
				1058C7A0FEA54F0111CA2CBB /* Linked Frameworks */,
				1058C7A2FEA54F0111CA2CBB /* Other Frameworks */,
			);
			name = Frameworks;
			sourceTree = "<group>";
		};
		7B5CFABE13F1B780007479E1 /* Products */ = {
			isa = PBXGroup;
			children = (
				7B5CFAC213F1B780007479E1 /* libcodec.a */,
			);
			name = Products;
			sourceTree = "<group>";
		};
		7B5CFAC513F1B79B007479E1 /* Products */ = {
			isa = PBXGroup;
			children = (
				7B5CFACC13F1B79B007479E1 /* libnetwork.a */,
			);
			name = Products;
			sourceTree = "<group>";
		};
		7B5CFACE13F1B7FD007479E1 /* Products */ = {
			isa = PBXGroup;
			children = (
				7B5CFAD213F1B7FE007479E1 /* librtcamstream.a */,
			);
			name = Products;
			sourceTree = "<group>";
		};
/* End PBXGroup section */

/* Begin PBXNativeTarget section */
		8D1107260486CEB800E47090 /* MyRecorder */ = {
			isa = PBXNativeTarget;
			buildConfigurationList = C01FCF4A08A954540054247B /* Build configuration list for PBXNativeTarget "MyRecorder" */;
			buildPhases = (
				8D1107290486CEB800E47090 /* Resources */,
				8D11072C0486CEB800E47090 /* Sources */,
				8D11072E0486CEB800E47090 /* Frameworks */,
			);
			buildRules = (
			);
			dependencies = (
				7B5CFB2913F1CE52007479E1 /* PBXTargetDependency */,
				7B5CFB2B13F1CE52007479E1 /* PBXTargetDependency */,
				7B5CFB2D13F1CE52007479E1 /* PBXTargetDependency */,
			);
			name = MyRecorder;
			productInstallPath = "$(HOME)/Applications";
			productName = MyRecorder;
			productReference = 8D1107320486CEB800E47090 /* MyRecorder.app */;
			productType = "com.apple.product-type.application";
		};
/* End PBXNativeTarget section */

/* Begin PBXProject section */
		29B97313FDCFA39411CA2CEA /* Project object */ = {
			isa = PBXProject;
			attributes = {
				LastUpgradeCheck = 0410;
			};
			buildConfigurationList = C01FCF4E08A954540054247B /* Build configuration list for PBXProject "MyRecorder" */;
			compatibilityVersion = "Xcode 3.2";
			developmentRegion = English;
			hasScannedForEncodings = 1;
			knownRegions = (
				en,
			);
			mainGroup = 29B97314FDCFA39411CA2CEA /* MyRecorder */;
			projectDirPath = "";
			projectReferences = (
				{
					ProductGroup = 7B5CFABE13F1B780007479E1 /* Products */;
					ProjectRef = 7B5CFABD13F1B780007479E1 /* codec.xcodeproj */;
				},
				{
					ProductGroup = 7B5CFAC513F1B79B007479E1 /* Products */;
					ProjectRef = 7B5CFAC413F1B79B007479E1 /* network.xcodeproj */;
				},
				{
					ProductGroup = 7B5CFACE13F1B7FD007479E1 /* Products */;
					ProjectRef = 7B5CFACD13F1B7FD007479E1 /* rtcamstream.xcodeproj */;
				},
			);
			projectRoot = "";
			targets = (
				8D1107260486CEB800E47090 /* MyRecorder */,
			);
		};
/* End PBXProject section */

/* Begin PBXReferenceProxy section */
		7B5CFAC213F1B780007479E1 /* libcodec.a */ = {
			isa = PBXReferenceProxy;
			fileType = archive.ar;
			path = libcodec.a;
			remoteRef = 7B5CFAC113F1B780007479E1 /* PBXContainerItemProxy */;
			sourceTree = BUILT_PRODUCTS_DIR;
		};
		7B5CFACC13F1B79B007479E1 /* libnetwork.a */ = {
			isa = PBXReferenceProxy;
			fileType = archive.ar;
			path = libnetwork.a;
			remoteRef = 7B5CFACB13F1B79B007479E1 /* PBXContainerItemProxy */;
			sourceTree = BUILT_PRODUCTS_DIR;
		};
		7B5CFAD213F1B7FE007479E1 /* librtcamstream.a */ = {
			isa = PBXReferenceProxy;
			fileType = archive.ar;
			path = librtcamstream.a;
			remoteRef = 7B5CFAD113F1B7FE007479E1 /* PBXContainerItemProxy */;
			sourceTree = BUILT_PRODUCTS_DIR;
		};
/* End PBXReferenceProxy section */

/* Begin PBXResourcesBuildPhase section */
		8D1107290486CEB800E47090 /* Resources */ = {
			isa = PBXResourcesBuildPhase;
			buildActionMask = 2147483647;
			files = (
				8D11072A0486CEB800E47090 /* MainMenu.nib in Resources */,
				8D11072B0486CEB800E47090 /* InfoPlist.strings in Resources */,
				2B531E1B0BBB3FBD00F42B98 /* Icon.icns in Resources */,
				2BAB8A530BBB551900143BEF /* MyRecorder Help in Resources */,
			);
			runOnlyForDeploymentPostprocessing = 0;
		};
/* End PBXResourcesBuildPhase section */

/* Begin PBXSourcesBuildPhase section */
		8D11072C0486CEB800E47090 /* Sources */ = {
			isa = PBXSourcesBuildPhase;
			buildActionMask = 2147483647;
			files = (
				8D11072D0486CEB800E47090 /* main.mm in Sources */,
				C5E698F30BA8735700382716 /* MyRecorderController.mm in Sources */,
				34DE7EE013ECA2CE007B30F0 /* QTKitCap.mm in Sources */,
				3426E93813F0BAFB00897BA7 /* RTBuffer.cpp in Sources */,
				3481C1A514030DAE001B1FA5 /* CameraInterrogation.m in Sources */,
			);
			runOnlyForDeploymentPostprocessing = 0;
		};
/* End PBXSourcesBuildPhase section */

/* Begin PBXTargetDependency section */
		7B5CFB2913F1CE52007479E1 /* PBXTargetDependency */ = {
			isa = PBXTargetDependency;
			name = rtcamstream;
			targetProxy = 7B5CFB2813F1CE52007479E1 /* PBXContainerItemProxy */;
		};
		7B5CFB2B13F1CE52007479E1 /* PBXTargetDependency */ = {
			isa = PBXTargetDependency;
			name = codec;
			targetProxy = 7B5CFB2A13F1CE52007479E1 /* PBXContainerItemProxy */;
		};
		7B5CFB2D13F1CE52007479E1 /* PBXTargetDependency */ = {
			isa = PBXTargetDependency;
			name = network;
			targetProxy = 7B5CFB2C13F1CE52007479E1 /* PBXContainerItemProxy */;
		};
/* End PBXTargetDependency section */

/* Begin PBXVariantGroup section */
		089C165CFE840E0CC02AAC07 /* InfoPlist.strings */ = {
			isa = PBXVariantGroup;
			children = (
				089C165DFE840E0CC02AAC07 /* English */,
			);
			name = InfoPlist.strings;
			sourceTree = "<group>";
		};
		29B97318FDCFA39411CA2CEA /* MainMenu.nib */ = {
			isa = PBXVariantGroup;
			children = (
				29B97319FDCFA39411CA2CEA /* English */,
			);
			name = MainMenu.nib;
			sourceTree = "<group>";
		};
		2BAB8A510BBB551900143BEF /* MyRecorder Help */ = {
			isa = PBXVariantGroup;
			children = (
				2BAB8A520BBB551900143BEF /* English */,
			);
			name = "MyRecorder Help";
			sourceTree = "<group>";
		};
/* End PBXVariantGroup section */

/* Begin XCBuildConfiguration section */
		C01FCF4B08A954540054247B /* Debug */ = {
			isa = XCBuildConfiguration;
			buildSettings = {
				ARCHS = "$(ARCHS_STANDARD_32_BIT)";
				COPY_PHASE_STRIP = NO;
				GCC_DYNAMIC_NO_PIC = NO;
				GCC_INLINES_ARE_PRIVATE_EXTERN = NO;
				GCC_MODEL_TUNING = G5;
				GCC_OPTIMIZATION_LEVEL = 0;
				GCC_PRECOMPILE_PREFIX_HEADER = YES;
				GCC_PREFIX_HEADER = MyRecorder_Prefix.pch;
				GCC_SYMBOLS_PRIVATE_EXTERN = NO;
				HEADER_SEARCH_PATHS = (
					"../../../../../Common/live555/**",
					"../../../../../Common/vanguard/mac/**",
					"../../**",
				);
				INFOPLIST_FILE = Info.plist;
				INSTALL_PATH = "$(HOME)/Applications";
				LIBRARY_SEARCH_PATHS = (
					"\"$(SRCROOT)/../../../../../Common/live555/groupsock\"/**",
					"\"$(SRCROOT)/../../../../../Common/live555/liveMedia\"/**",
					"\"$(SRCROOT)/../../../../../Common/live555/BasicUsageEnvironment\"/**",
					"\"$(SRCROOT)/../../../../../Common/live555/UsageEnvironment\"/**",
					"\"$(SRCROOT)/../../../../../Common/vanguard/mac/v4sdk-4.6/lib\"/**",
					"\"$(SRCROOT)/../../../../../Common/vanguard/mac/v4sdk-4.6/lib\"",
					"\"$(SRCROOT)/../../../../../../../lgpl/ffmpeg/libavcodec\"",
					"\"$(SRCROOT)/../../../../../../../lgpl/ffmpeg/libavutil\"",
				);
				OTHER_LDFLAGS = "-lz";
				PRODUCT_NAME = MyRecorder;
				RUN_CLANG_STATIC_ANALYZER = YES;
				SDKROOT = "";
				USER_HEADER_SEARCH_PATHS = "../../**";
				WRAPPER_EXTENSION = app;
				ZERO_LINK = YES;
			};
			name = Debug;
		};
		C01FCF4C08A954540054247B /* Release */ = {
			isa = XCBuildConfiguration;
			buildSettings = {
				ARCHS = "$(ARCHS_STANDARD_32_BIT)";
				DEBUG_INFORMATION_FORMAT = dwarf;
				GCC_GENERATE_DEBUGGING_SYMBOLS = NO;
				GCC_INLINES_ARE_PRIVATE_EXTERN = NO;
				GCC_MODEL_TUNING = G5;
				GCC_PRECOMPILE_PREFIX_HEADER = YES;
				GCC_PREFIX_HEADER = MyRecorder_Prefix.pch;
				GCC_SYMBOLS_PRIVATE_EXTERN = NO;
				HEADER_SEARCH_PATHS = (
					"../../../../../Common/live555/**",
					"../../../../../Common/vanguard/mac/**",
					"../../**",
				);
				INFOPLIST_FILE = Info.plist;
				INSTALL_PATH = "$(HOME)/Applications";
				LIBRARY_SEARCH_PATHS = (
					"\"$(SRCROOT)/../../../../../Common/live555/groupsock\"/**",
					"\"$(SRCROOT)/../../../../../Common/live555/liveMedia\"/**",
					"\"$(SRCROOT)/../../../../../Common/live555/BasicUsageEnvironment\"/**",
					"\"$(SRCROOT)/../../../../../Common/live555/UsageEnvironment\"/**",
					"\"$(SRCROOT)/../../../../../Common/vanguard/mac/v4sdk-4.6/lib\"/**",
					"\"$(SRCROOT)/../../../../../Common/vanguard/mac/v4sdk-4.6/lib\"",
					"\"$(SRCROOT)/../../../../../../../lgpl/ffmpeg/libavcodec\"",
					"\"$(SRCROOT)/../../../../../../../lgpl/ffmpeg/libavutil\"",
				);
				OTHER_LDFLAGS = "-lz";
				PRODUCT_NAME = MyRecorder;
				SDKROOT = "";
				USER_HEADER_SEARCH_PATHS = "../../**";
				WRAPPER_EXTENSION = app;
			};
			name = Release;
		};
		C01FCF4F08A954540054247B /* Debug */ = {
			isa = XCBuildConfiguration;
			buildSettings = {
				GCC_WARN_ABOUT_RETURN_TYPE = YES;
				GCC_WARN_UNUSED_VARIABLE = YES;
				SDKROOT = "$(DEVELOPER_SDK_DIR)/MacOSX10.5.sdk";
			};
			name = Debug;
		};
		C01FCF5008A954540054247B /* Release */ = {
			isa = XCBuildConfiguration;
			buildSettings = {
				GCC_WARN_ABOUT_RETURN_TYPE = YES;
				GCC_WARN_UNUSED_VARIABLE = YES;
				SDKROOT = "$(DEVELOPER_SDK_DIR)/MacOSX10.5.sdk";
			};
			name = Release;
		};
/* End XCBuildConfiguration section */

/* Begin XCConfigurationList section */
		C01FCF4A08A954540054247B /* Build configuration list for PBXNativeTarget "MyRecorder" */ = {
			isa = XCConfigurationList;
			buildConfigurations = (
				C01FCF4B08A954540054247B /* Debug */,
				C01FCF4C08A954540054247B /* Release */,
			);
			defaultConfigurationIsVisible = 0;
			defaultConfigurationName = Release;
		};
		C01FCF4E08A954540054247B /* Build configuration list for PBXProject "MyRecorder" */ = {
			isa = XCConfigurationList;
			buildConfigurations = (
				C01FCF4F08A954540054247B /* Debug */,
				C01FCF5008A954540054247B /* Release */,
			);
			defaultConfigurationIsVisible = 0;
			defaultConfigurationName = Release;
		};
/* End XCConfigurationList section */
	};
	rootObject = 29B97313FDCFA39411CA2CEA /* Project object */;
}
